# This file was autogenerated by Stack.
# You should not edit this file by hand.
# For more information, please see the documentation at:
#   https://docs.haskellstack.org/en/stable/lock_files

packages:
- completed:
    hackage: Cabal-3.2.0.0@sha256:d0d7a1f405f25d0000f5ddef684838bc264842304fd4e7f80ca92b997b710874,27320
    pantry-tree:
      size: 40963
      sha256: b122f2d76dc82a350d3986fa0cbc4ecf9c3bb4f9c598ccbfb3b2bfdde02f3698
  original:
    hackage: Cabal-3.2.0.0@sha256:d0d7a1f405f25d0000f5ddef684838bc264842304fd4e7f80ca92b997b710874,27320
- completed:
    hackage: process-1.6.9.0@sha256:0cafe6e1313790863bd81cf40563baf5feea9ca2957e79a4d92bacfcc455604a,2468
    pantry-tree:
      size: 1211
      sha256: e9a0a18f4c350f4170b20b38cf05cf3541999388b4438f1dc183e86e9472ae9d
  original:
    hackage: process-1.6.9.0@sha256:0cafe6e1313790863bd81cf40563baf5feea9ca2957e79a4d92bacfcc455604a,2468
snapshots:
- completed:
    size: 496112
    url: https://raw.githubusercontent.com/commercialhaskell/stackage-snapshots/master/lts/15/15.yaml
    sha256: 86169722ad0056ffc9eacc157ef80ee21d7024f92c0d2961c89ccf432db230a3
  original: lts-15.15
